
Microsoft Visual Studio Solution File, Format Version 12.00
# Visual Studio Version 16
VisualStudioVersion = 16.0.30804.86
MinimumVisualStudioVersion = 10.0.40219.1
Project("{9A19103F-16F7-4668-BE54-9A1E7A4F7556}") = "WhaleCD.Api", "WhaleCD.Api\WhaleCD.Api.csproj", "{677814C3-9416-4A0F-BCF4-C2F664A20197}"
EndProject
Project("{2150E333-8FDC-42A3-9474-1A3956D46DE8}") = "Tests", "Tests", "{D9704997-3F31-4EAE-83FC-626607A316DF}"
EndProject
Project("{2150E333-8FDC-42A3-9474-1A3956D46DE8}") = "UnitTests", "UnitTests", "{AF1877F2-7E17-4DC8-8211-428AD77B0C84}"
EndProject
Project("{FAE04EC0-301F-11D3-BF4B-00C04F79EFBC}") = "WhaleCD.UnitTests", "..\tests\UnitTests\WhaleCD.UnitTests\WhaleCD.UnitTests.csproj", "{3FE73B41-ACA4-41E2-830A-EE33509964AA}"
EndProject
Global
	GlobalSection(SolutionConfigurationPlatforms) = preSolution
		Debug|Any CPU = Debug|Any CPU
		Release|Any CPU = Release|Any CPU
	EndGlobalSection
	GlobalSection(ProjectConfigurationPlatforms) = postSolution
		{677814C3-9416-4A0F-BCF4-C2F664A20197}.Debug|Any CPU.ActiveCfg = Debug|Any CPU
		{677814C3-9416-4A0F-BCF4-C2F664A20197}.Debug|Any CPU.Build.0 = Debug|Any CPU
		{677814C3-9416-4A0F-BCF4-C2F664A20197}.Release|Any CPU.ActiveCfg = Release|Any CPU
		{677814C3-9416-4A0F-BCF4-C2F664A20197}.Release|Any CPU.Build.0 = Release|Any CPU
		{3FE73B41-ACA4-41E2-830A-EE33509964AA}.Debug|Any CPU.ActiveCfg = Debug|Any CPU
		{3FE73B41-ACA4-41E2-830A-EE33509964AA}.Debug|Any CPU.Build.0 = Debug|Any CPU
		{3FE73B41-ACA4-41E2-830A-EE33509964AA}.Release|Any CPU.ActiveCfg = Release|Any CPU
		{3FE73B41-ACA4-41E2-830A-EE33509964AA}.Release|Any CPU.Build.0 = Release|Any CPU
	EndGlobalSection
	GlobalSection(SolutionProperties) = preSolution
		HideSolutionNode = FALSE
	EndGlobalSection
	GlobalSection(NestedProjects) = preSolution
		{AF1877F2-7E17-4DC8-8211-428AD77B0C84} = {D9704997-3F31-4EAE-83FC-626607A316DF}
		{3FE73B41-ACA4-41E2-830A-EE33509964AA} = {AF1877F2-7E17-4DC8-8211-428AD77B0C84}
	EndGlobalSection
	GlobalSection(ExtensibilityGlobals) = postSolution
		SolutionGuid = {3C350485-7471-4274-853D-80F90675A00B}
	EndGlobalSection
EndGlobal
