
Microsoft Visual Studio Solution File, Format Version 12.00
# Visual Studio Version 16
VisualStudioVersion = 16.0.30804.86
MinimumVisualStudioVersion = 10.0.40219.1
Project("{FAE04EC0-301F-11D3-BF4B-00C04F79EFBC}") = "WhaleCD.Api", "WhaleCD.Api\WhaleCD.Api.csproj", "{677814C3-9416-4A0F-BCF4-C2F664A20197}"
EndProject
Global
	GlobalSection(SolutionConfigurationPlatforms) = preSolution
		Debug|Any CPU = Debug|Any CPU
		Release|Any CPU = Release|Any CPU
	EndGlobalSection
	GlobalSection(ProjectConfigurationPlatforms) = postSolution
		{677814C3-9416-4A0F-BCF4-C2F664A20197}.Debug|Any CPU.ActiveCfg = Debug|Any CPU
		{677814C3-9416-4A0F-BCF4-C2F664A20197}.Debug|Any CPU.Build.0 = Debug|Any CPU
		{677814C3-9416-4A0F-BCF4-C2F664A20197}.Release|Any CPU.ActiveCfg = Release|Any CPU
		{677814C3-9416-4A0F-BCF4-C2F664A20197}.Release|Any CPU.Build.0 = Release|Any CPU
	EndGlobalSection
	GlobalSection(SolutionProperties) = preSolution
		HideSolutionNode = FALSE
	EndGlobalSection
	GlobalSection(ExtensibilityGlobals) = postSolution
		SolutionGuid = {3C350485-7471-4274-853D-80F90675A00B}
	EndGlobalSection
EndGlobal
